// !$*UTF8*$!
{
	archiveVersion = 1;
	classes = {
	};
	objectVersion = 55;
	objects = {

/* Begin PBXBuildFile section */
		90988FA128549568000711BE /* CharacterBox.swift in Sources */ = {isa = PBXBuildFile; fileRef = 90988FA028549568000711BE /* CharacterBox.swift */; };
		90A8C4DC2856042C0086ADE0 /* ColorExtension.swift in Sources */ = {isa = PBXBuildFile; fileRef = 90A8C4DB2856042C0086ADE0 /* ColorExtension.swift */; };
		B57BB9D32854BEED007AFFAA /* User.swift in Sources */ = {isa = PBXBuildFile; fileRef = B57BB9D22854BEED007AFFAA /* User.swift */; };
		B5B1B53E28543178000DE126 /* FirebaseAnalytics in Frameworks */ = {isa = PBXBuildFile; productRef = B5B1B53D28543178000DE126 /* FirebaseAnalytics */; };
		B5B1B54028543178000DE126 /* FirebaseFirestore in Frameworks */ = {isa = PBXBuildFile; productRef = B5B1B53F28543178000DE126 /* FirebaseFirestore */; };
		B5B1B54228543178000DE126 /* FirebaseFirestoreSwift in Frameworks */ = {isa = PBXBuildFile; productRef = B5B1B54128543178000DE126 /* FirebaseFirestoreSwift */; };
		B5B1B54428545EFE000DE126 /* Line.swift in Sources */ = {isa = PBXBuildFile; fileRef = B5B1B54328545EFE000DE126 /* Line.swift */; };
		B5B1B54D28547DC7000DE126 /* Role.swift in Sources */ = {isa = PBXBuildFile; fileRef = B5B1B54828547DC6000DE126 /* Role.swift */; };
		B5B1B55328547DD7000DE126 /* UserViewModel.swift in Sources */ = {isa = PBXBuildFile; fileRef = B5B1B55028547DD7000DE126 /* UserViewModel.swift */; };
		B5FC08402851E3BB00EDC014 /* PlayerListView.swift in Sources */ = {isa = PBXBuildFile; fileRef = B5FC083F2851E3BB00EDC014 /* PlayerListView.swift */; };
		B5FC08432851E49900EDC014 /* UIScreen+Extensions.swift in Sources */ = {isa = PBXBuildFile; fileRef = B5FC08422851E49900EDC014 /* UIScreen+Extensions.swift */; };
		C5DBBC8B2851DC7C00124A07 /* .swiftlint.yml in Resources */ = {isa = PBXBuildFile; fileRef = C5DBBC8A2851DC7C00124A07 /* .swiftlint.yml */; };
		CE3DCF2928519B1F00E048A3 /* MeetingNMusaeApp.swift in Sources */ = {isa = PBXBuildFile; fileRef = CE3DCF2828519B1F00E048A3 /* MeetingNMusaeApp.swift */; };
		CE3DCF2B28519B1F00E048A3 /* ContentView.swift in Sources */ = {isa = PBXBuildFile; fileRef = CE3DCF2A28519B1F00E048A3 /* ContentView.swift */; };
		CE3DCF2D28519B2000E048A3 /* Assets.xcassets in Resources */ = {isa = PBXBuildFile; fileRef = CE3DCF2C28519B2000E048A3 /* Assets.xcassets */; };
		CE3DCF3028519B2000E048A3 /* Preview Assets.xcassets in Resources */ = {isa = PBXBuildFile; fileRef = CE3DCF2F28519B2000E048A3 /* Preview Assets.xcassets */; };
		CE3DCF3728519B7700E048A3 /* GoogleService-Info.plist in Resources */ = {isa = PBXBuildFile; fileRef = CE3DCF3628519B7700E048A3 /* GoogleService-Info.plist */; };
		CE4733EF2851D00B00DA45B7 /* RoleSelectView.swift in Sources */ = {isa = PBXBuildFile; fileRef = CE4733EE2851D00B00DA45B7 /* RoleSelectView.swift */; };
		CE76059D2851BDDD00D647EE /* Role.swift in Sources */ = {isa = PBXBuildFile; fileRef = CE76059C2851BDDD00D647EE /* Role.swift */; };
		CE76059F2851BE0000D647EE /* RoleViewModel.swift in Sources */ = {isa = PBXBuildFile; fileRef = CE76059E2851BE0000D647EE /* RoleViewModel.swift */; };
		CE79E21A2853357A005BA8CB /* FirebaseAnalytics in Frameworks */ = {isa = PBXBuildFile; productRef = CE79E2192853357A005BA8CB /* FirebaseAnalytics */; };
		CE79E21C2853357A005BA8CB /* FirebaseFirestore in Frameworks */ = {isa = PBXBuildFile; productRef = CE79E21B2853357A005BA8CB /* FirebaseFirestore */; };
		CE79E21E2853357A005BA8CB /* FirebaseFirestoreSwift in Frameworks */ = {isa = PBXBuildFile; productRef = CE79E21D2853357A005BA8CB /* FirebaseFirestoreSwift */; };
		CEAFD26928544E670065B991 /* HomeView.swift in Sources */ = {isa = PBXBuildFile; fileRef = CEAFD26828544E670065B991 /* HomeView.swift */; };
		CEC5F07A2851EC9500372F87 /* User.swift in Sources */ = {isa = PBXBuildFile; fileRef = CEC5F0792851EC9500372F87 /* User.swift */; };
		CEC5F07C2851EE0B00372F87 /* UserViewModel.swift in Sources */ = {isa = PBXBuildFile; fileRef = CEC5F07B2851EE0B00372F87 /* UserViewModel.swift */; };
		CEC5F07E2853087300372F87 /* RoleDetailView.swift in Sources */ = {isa = PBXBuildFile; fileRef = CEC5F07D2853087300372F87 /* RoleDetailView.swift */; };
		CEC5F08128530EEA00372F87 /* MeetingRoom.swift in Sources */ = {isa = PBXBuildFile; fileRef = CEC5F08028530EEA00372F87 /* MeetingRoom.swift */; };
		CEC5F0832853125600372F87 /* Mission.swift in Sources */ = {isa = PBXBuildFile; fileRef = CEC5F0822853125600372F87 /* Mission.swift */; };
		CEC5F085285312D900372F87 /* Review.swift in Sources */ = {isa = PBXBuildFile; fileRef = CEC5F084285312D900372F87 /* Review.swift */; };
		CEC5F0872853133F00372F87 /* MeetingRoomViewModel.swift in Sources */ = {isa = PBXBuildFile; fileRef = CEC5F0862853133F00372F87 /* MeetingRoomViewModel.swift */; };
/* End PBXBuildFile section */

/* Begin PBXFileReference section */
		90988FA028549568000711BE /* CharacterBox.swift */ = {isa = PBXFileReference; lastKnownFileType = sourcecode.swift; path = CharacterBox.swift; sourceTree = "<group>"; };
		90A8C4DB2856042C0086ADE0 /* ColorExtension.swift */ = {isa = PBXFileReference; lastKnownFileType = sourcecode.swift; path = ColorExtension.swift; sourceTree = "<group>"; };
		B57BB9D22854BEED007AFFAA /* User.swift */ = {isa = PBXFileReference; lastKnownFileType = sourcecode.swift; path = User.swift; sourceTree = "<group>"; };
		B5B1B54328545EFE000DE126 /* Line.swift */ = {isa = PBXFileReference; lastKnownFileType = sourcecode.swift; path = Line.swift; sourceTree = "<group>"; };
		B5B1B54828547DC6000DE126 /* Role.swift */ = {isa = PBXFileReference; fileEncoding = 4; lastKnownFileType = sourcecode.swift; path = Role.swift; sourceTree = "<group>"; };
		B5B1B55028547DD7000DE126 /* UserViewModel.swift */ = {isa = PBXFileReference; fileEncoding = 4; lastKnownFileType = sourcecode.swift; path = UserViewModel.swift; sourceTree = "<group>"; };
		B5FC083F2851E3BB00EDC014 /* PlayerListView.swift */ = {isa = PBXFileReference; lastKnownFileType = sourcecode.swift; path = PlayerListView.swift; sourceTree = "<group>"; };
		B5FC08422851E49900EDC014 /* UIScreen+Extensions.swift */ = {isa = PBXFileReference; lastKnownFileType = sourcecode.swift; path = "UIScreen+Extensions.swift"; sourceTree = "<group>"; };
		C5DBBC8A2851DC7C00124A07 /* .swiftlint.yml */ = {isa = PBXFileReference; lastKnownFileType = text.yaml; path = .swiftlint.yml; sourceTree = "<group>"; };
		CE3DCF2528519B1F00E048A3 /* MeetingNMusae.app */ = {isa = PBXFileReference; explicitFileType = wrapper.application; includeInIndex = 0; path = MeetingNMusae.app; sourceTree = BUILT_PRODUCTS_DIR; };
		CE3DCF2828519B1F00E048A3 /* MeetingNMusaeApp.swift */ = {isa = PBXFileReference; lastKnownFileType = sourcecode.swift; path = MeetingNMusaeApp.swift; sourceTree = "<group>"; };
		CE3DCF2A28519B1F00E048A3 /* ContentView.swift */ = {isa = PBXFileReference; lastKnownFileType = sourcecode.swift; path = ContentView.swift; sourceTree = "<group>"; };
		CE3DCF2C28519B2000E048A3 /* Assets.xcassets */ = {isa = PBXFileReference; lastKnownFileType = folder.assetcatalog; path = Assets.xcassets; sourceTree = "<group>"; };
		CE3DCF2F28519B2000E048A3 /* Preview Assets.xcassets */ = {isa = PBXFileReference; lastKnownFileType = folder.assetcatalog; path = "Preview Assets.xcassets"; sourceTree = "<group>"; };
		CE3DCF3628519B7700E048A3 /* GoogleService-Info.plist */ = {isa = PBXFileReference; fileEncoding = 4; lastKnownFileType = text.plist.xml; path = "GoogleService-Info.plist"; sourceTree = "<group>"; };
		CE4733EE2851D00B00DA45B7 /* RoleSelectView.swift */ = {isa = PBXFileReference; lastKnownFileType = sourcecode.swift; path = RoleSelectView.swift; sourceTree = "<group>"; };
		CE76059C2851BDDD00D647EE /* Role.swift */ = {isa = PBXFileReference; fileEncoding = 4; lastKnownFileType = sourcecode.swift; path = Role.swift; sourceTree = "<group>"; };
		CE76059E2851BE0000D647EE /* RoleViewModel.swift */ = {isa = PBXFileReference; lastKnownFileType = sourcecode.swift; path = RoleViewModel.swift; sourceTree = "<group>"; };
		CEAFD26828544E670065B991 /* HomeView.swift */ = {isa = PBXFileReference; lastKnownFileType = sourcecode.swift; path = HomeView.swift; sourceTree = "<group>"; };
		CEC5F0792851EC9500372F87 /* User.swift */ = {isa = PBXFileReference; lastKnownFileType = sourcecode.swift; path = User.swift; sourceTree = "<group>"; };
		CEC5F07B2851EE0B00372F87 /* UserViewModel.swift */ = {isa = PBXFileReference; lastKnownFileType = sourcecode.swift; path = UserViewModel.swift; sourceTree = "<group>"; };
		CEC5F07D2853087300372F87 /* RoleDetailView.swift */ = {isa = PBXFileReference; lastKnownFileType = sourcecode.swift; path = RoleDetailView.swift; sourceTree = "<group>"; };
		CEC5F08028530EEA00372F87 /* MeetingRoom.swift */ = {isa = PBXFileReference; lastKnownFileType = sourcecode.swift; path = MeetingRoom.swift; sourceTree = "<group>"; };
		CEC5F0822853125600372F87 /* Mission.swift */ = {isa = PBXFileReference; lastKnownFileType = sourcecode.swift; path = Mission.swift; sourceTree = "<group>"; };
		CEC5F084285312D900372F87 /* Review.swift */ = {isa = PBXFileReference; lastKnownFileType = sourcecode.swift; path = Review.swift; sourceTree = "<group>"; };
		CEC5F0862853133F00372F87 /* MeetingRoomViewModel.swift */ = {isa = PBXFileReference; lastKnownFileType = sourcecode.swift; path = MeetingRoomViewModel.swift; sourceTree = "<group>"; };
/* End PBXFileReference section */

/* Begin PBXFrameworksBuildPhase section */
		CE3DCF2228519B1F00E048A3 /* Frameworks */ = {
			isa = PBXFrameworksBuildPhase;
			buildActionMask = 2147483647;
			files = (
				B5B1B53E28543178000DE126 /* FirebaseAnalytics in Frameworks */,
				B5B1B54028543178000DE126 /* FirebaseFirestore in Frameworks */,
				B5B1B54228543178000DE126 /* FirebaseFirestoreSwift in Frameworks */,
			);
			runOnlyForDeploymentPostprocessing = 0;
		};
/* End PBXFrameworksBuildPhase section */

/* Begin PBXGroup section */
		B59CAC122855E2BE00C0FC98 /* Components */ = {
			isa = PBXGroup;
			children = (
				B5B1B54328545EFE000DE126 /* Line.swift */,
				90988FA028549568000711BE /* CharacterBox.swift */,
			);
			path = Components;
			sourceTree = "<group>";
		};
		B5FC08412851E46100EDC014 /* Extensions */ = {
			isa = PBXGroup;
			children = (
				B5FC08422851E49900EDC014 /* UIScreen+Extensions.swift */,
				90A8C4DB2856042C0086ADE0 /* ColorExtension.swift */,
			);
			path = Extensions;
			sourceTree = "<group>";
		};
		CE3DCF1C28519B1F00E048A3 = {
			isa = PBXGroup;
			children = (
				CE3DCF2728519B1F00E048A3 /* MeetingNMusae */,
				CE3DCF2628519B1F00E048A3 /* Products */,
			);
			sourceTree = "<group>";
		};
		CE3DCF2628519B1F00E048A3 /* Products */ = {
			isa = PBXGroup;
			children = (
				CE3DCF2528519B1F00E048A3 /* MeetingNMusae.app */,
			);
			name = Products;
			sourceTree = "<group>";
		};
		CE3DCF2728519B1F00E048A3 /* MeetingNMusae */ = {
			isa = PBXGroup;
			children = (
				B59CAC122855E2BE00C0FC98 /* Components */,
				B5FC08412851E46100EDC014 /* Extensions */,
				CE9300A22855B0A40042912B /* Temp */,
				CE76059B2851BD6D00D647EE /* Models */,
				CE76059A2851BD6600D647EE /* ViewModels */,
				CE7605992851BD5400D647EE /* Views */,
				CE3DCF3628519B7700E048A3 /* GoogleService-Info.plist */,
				CE3DCF2828519B1F00E048A3 /* MeetingNMusaeApp.swift */,
				CE3DCF2C28519B2000E048A3 /* Assets.xcassets */,
				CE3DCF2E28519B2000E048A3 /* Preview Content */,
				C5DBBC8A2851DC7C00124A07 /* .swiftlint.yml */,
			);
			path = MeetingNMusae;
			sourceTree = "<group>";
		};
		CE3DCF2E28519B2000E048A3 /* Preview Content */ = {
			isa = PBXGroup;
			children = (
				CE3DCF2F28519B2000E048A3 /* Preview Assets.xcassets */,
			);
			path = "Preview Content";
			sourceTree = "<group>";
		};
		CE7605992851BD5400D647EE /* Views */ = {
			isa = PBXGroup;
			children = (
				CE3DCF2A28519B1F00E048A3 /* ContentView.swift */,
				CE4733EE2851D00B00DA45B7 /* RoleSelectView.swift */,
				CEC5F07D2853087300372F87 /* RoleDetailView.swift */,
				B5FC083F2851E3BB00EDC014 /* PlayerListView.swift */,
			);
			path = Views;
			sourceTree = "<group>";
		};
		CE76059A2851BD6600D647EE /* ViewModels */ = {
			isa = PBXGroup;
			children = (
				CE76059E2851BE0000D647EE /* RoleViewModel.swift */,
				CEC5F07B2851EE0B00372F87 /* UserViewModel.swift */,
				CEC5F0862853133F00372F87 /* MeetingRoomViewModel.swift */,
			);
			path = ViewModels;
			sourceTree = "<group>";
		};
		CE76059B2851BD6D00D647EE /* Models */ = {
			isa = PBXGroup;
			children = (
				CE76059C2851BDDD00D647EE /* Role.swift */,
				CEC5F0792851EC9500372F87 /* User.swift */,
				CEC5F08028530EEA00372F87 /* MeetingRoom.swift */,
				CEC5F0822853125600372F87 /* Mission.swift */,
				CEC5F084285312D900372F87 /* Review.swift */,
			);
			path = Models;
			sourceTree = "<group>";
		};
		CE9300A22855B0A40042912B /* Temp */ = {
			isa = PBXGroup;
			children = (
				CEAFD26828544E670065B991 /* HomeView.swift */,
			);
			path = Temp;
			sourceTree = "<group>";
		};
/* End PBXGroup section */

/* Begin PBXNativeTarget section */
		CE3DCF2428519B1F00E048A3 /* MeetingNMusae */ = {
			isa = PBXNativeTarget;
			buildConfigurationList = CE3DCF3328519B2000E048A3 /* Build configuration list for PBXNativeTarget "MeetingNMusae" */;
			buildPhases = (
				C5DBBC872851DAB600124A07 /* Run SwiftLint */,
				CE3DCF2128519B1F00E048A3 /* Sources */,
				CE3DCF2228519B1F00E048A3 /* Frameworks */,
				CE3DCF2328519B1F00E048A3 /* Resources */,
			);
			buildRules = (
			);
			dependencies = (
			);
			name = MeetingNMusae;
			packageProductDependencies = (
				B5B1B53D28543178000DE126 /* FirebaseAnalytics */,
				B5B1B53F28543178000DE126 /* FirebaseFirestore */,
				B5B1B54128543178000DE126 /* FirebaseFirestoreSwift */,
			);
			productName = MeetingNMusae;
			productReference = CE3DCF2528519B1F00E048A3 /* MeetingNMusae.app */;
			productType = "com.apple.product-type.application";
		};
/* End PBXNativeTarget section */

/* Begin PBXProject section */
		CE3DCF1D28519B1F00E048A3 /* Project object */ = {
			isa = PBXProject;
			attributes = {
				BuildIndependentTargetsInParallel = 1;
				LastSwiftUpdateCheck = 1340;
				LastUpgradeCheck = 1340;
				TargetAttributes = {
					CE3DCF2428519B1F00E048A3 = {
						CreatedOnToolsVersion = 13.4.1;
					};
				};
			};
			buildConfigurationList = CE3DCF2028519B1F00E048A3 /* Build configuration list for PBXProject "MeetingNMusae" */;
			compatibilityVersion = "Xcode 13.0";
			developmentRegion = en;
			hasScannedForEncodings = 0;
			knownRegions = (
				en,
				Base,
			);
			mainGroup = CE3DCF1C28519B1F00E048A3;
			packageReferences = (
				CE7B51CA28519BC2004BCA89 /* XCRemoteSwiftPackageReference "firebase-ios-sdk" */,
				B5B1B53C28543178000DE126 /* XCRemoteSwiftPackageReference "firebase-ios-sdk" */,
			);
			productRefGroup = CE3DCF2628519B1F00E048A3 /* Products */;
			projectDirPath = "";
			projectRoot = "";
			targets = (
				CE3DCF2428519B1F00E048A3 /* MeetingNMusae */,
			);
		};
/* End PBXProject section */

/* Begin PBXResourcesBuildPhase section */
		CE3DCF2328519B1F00E048A3 /* Resources */ = {
			isa = PBXResourcesBuildPhase;
			buildActionMask = 2147483647;
			files = (
				C5DBBC8B2851DC7C00124A07 /* .swiftlint.yml in Resources */,
				CE3DCF3028519B2000E048A3 /* Preview Assets.xcassets in Resources */,
				CE3DCF2D28519B2000E048A3 /* Assets.xcassets in Resources */,
				CE3DCF3728519B7700E048A3 /* GoogleService-Info.plist in Resources */,
			);
			runOnlyForDeploymentPostprocessing = 0;
		};
/* End PBXResourcesBuildPhase section */

/* Begin PBXShellScriptBuildPhase section */
		C5DBBC872851DAB600124A07 /* Run SwiftLint */ = {
			isa = PBXShellScriptBuildPhase;
			buildActionMask = 2147483647;
			files = (
			);
			inputFileListPaths = (
			);
			inputPaths = (
			);
			name = "Run SwiftLint";
			outputFileListPaths = (
			);
			outputPaths = (
			);
			runOnlyForDeploymentPostprocessing = 0;
			shellPath = /bin/sh;
			shellScript = "export PATH=\"$PATH:/opt/homebrew/bin\"\nif which swiftlint > /dev/null; then\n  swiftlint\nelse\n  echo \"warning: SwiftLint not installed, download from https://github.com/realm/SwiftLint\"\nfi\n";
		};
/* End PBXShellScriptBuildPhase section */

/* Begin PBXSourcesBuildPhase section */
		CE3DCF2128519B1F00E048A3 /* Sources */ = {
			isa = PBXSourcesBuildPhase;
			buildActionMask = 2147483647;
			files = (
				B5FC08402851E3BB00EDC014 /* PlayerListView.swift in Sources */,
				B5B1B54D28547DC7000DE126 /* Role.swift in Sources */,
				B5FC08432851E49900EDC014 /* UIScreen+Extensions.swift in Sources */,
				CE76059F2851BE0000D647EE /* RoleListViewModel.swift in Sources */,
				B5B1B55328547DD7000DE126 /* UserViewModel.swift in Sources */,
				CE3DCF2B28519B1F00E048A3 /* ContentView.swift in Sources */,
				CEAFD26928544E670065B991 /* HomeView.swift in Sources */,
				CEC5F08128530EEA00372F87 /* MeetingRoom.swift in Sources */,
				CEC5F07A2851EC9500372F87 /* User.swift in Sources */,
				CE3DCF2928519B1F00E048A3 /* MeetingNMusaeApp.swift in Sources */,
				CEC5F07E2853087300372F87 /* RoleDetailView.swift in Sources */,
				CEC5F085285312D900372F87 /* Review.swift in Sources */,
				CEC5F0872853133F00372F87 /* MeetingRoomViewModel.swift in Sources */,
				CE76059D2851BDDD00D647EE /* Role.swift in Sources */,
				CEC5F07C2851EE0B00372F87 /* UserViewModel.swift in Sources */,
				CEC5F0832853125600372F87 /* Mission.swift in Sources */,
				CE4733EF2851D00B00DA45B7 /* RoleSelectView.swift in Sources */,
				90A8C4DC2856042C0086ADE0 /* ColorExtension.swift in Sources */,
				90988FA128549568000711BE /* CharacterBox.swift in Sources */,
				B57BB9D32854BEED007AFFAA /* User.swift in Sources */,
				B5B1B54428545EFE000DE126 /* Line.swift in Sources */,
			);
			runOnlyForDeploymentPostprocessing = 0;
		};
/* End PBXSourcesBuildPhase section */

/* Begin XCBuildConfiguration section */
		CE3DCF3128519B2000E048A3 /* Debug */ = {
			isa = XCBuildConfiguration;
			buildSettings = {
				ALWAYS_SEARCH_USER_PATHS = NO;
				CLANG_ANALYZER_NONNULL = YES;
				CLANG_ANALYZER_NUMBER_OBJECT_CONVERSION = YES_AGGRESSIVE;
				CLANG_CXX_LANGUAGE_STANDARD = "gnu++17";
				CLANG_ENABLE_MODULES = YES;
				CLANG_ENABLE_OBJC_ARC = YES;
				CLANG_ENABLE_OBJC_WEAK = YES;
				CLANG_WARN_BLOCK_CAPTURE_AUTORELEASING = YES;
				CLANG_WARN_BOOL_CONVERSION = YES;
				CLANG_WARN_COMMA = YES;
				CLANG_WARN_CONSTANT_CONVERSION = YES;
				CLANG_WARN_DEPRECATED_OBJC_IMPLEMENTATIONS = YES;
				CLANG_WARN_DIRECT_OBJC_ISA_USAGE = YES_ERROR;
				CLANG_WARN_DOCUMENTATION_COMMENTS = YES;
				CLANG_WARN_EMPTY_BODY = YES;
				CLANG_WARN_ENUM_CONVERSION = YES;
				CLANG_WARN_INFINITE_RECURSION = YES;
				CLANG_WARN_INT_CONVERSION = YES;
				CLANG_WARN_NON_LITERAL_NULL_CONVERSION = YES;
				CLANG_WARN_OBJC_IMPLICIT_RETAIN_SELF = YES;
				CLANG_WARN_OBJC_LITERAL_CONVERSION = YES;
				CLANG_WARN_OBJC_ROOT_CLASS = YES_ERROR;
				CLANG_WARN_QUOTED_INCLUDE_IN_FRAMEWORK_HEADER = YES;
				CLANG_WARN_RANGE_LOOP_ANALYSIS = YES;
				CLANG_WARN_STRICT_PROTOTYPES = YES;
				CLANG_WARN_SUSPICIOUS_MOVE = YES;
				CLANG_WARN_UNGUARDED_AVAILABILITY = YES_AGGRESSIVE;
				CLANG_WARN_UNREACHABLE_CODE = YES;
				CLANG_WARN__DUPLICATE_METHOD_MATCH = YES;
				COPY_PHASE_STRIP = NO;
				DEBUG_INFORMATION_FORMAT = dwarf;
				ENABLE_STRICT_OBJC_MSGSEND = YES;
				ENABLE_TESTABILITY = YES;
				GCC_C_LANGUAGE_STANDARD = gnu11;
				GCC_DYNAMIC_NO_PIC = NO;
				GCC_NO_COMMON_BLOCKS = YES;
				GCC_OPTIMIZATION_LEVEL = 0;
				GCC_PREPROCESSOR_DEFINITIONS = (
					"DEBUG=1",
					"$(inherited)",
				);
				GCC_WARN_64_TO_32_BIT_CONVERSION = YES;
				GCC_WARN_ABOUT_RETURN_TYPE = YES_ERROR;
				GCC_WARN_UNDECLARED_SELECTOR = YES;
				GCC_WARN_UNINITIALIZED_AUTOS = YES_AGGRESSIVE;
				GCC_WARN_UNUSED_FUNCTION = YES;
				GCC_WARN_UNUSED_VARIABLE = YES;
				IPHONEOS_DEPLOYMENT_TARGET = 15.5;
				MTL_ENABLE_DEBUG_INFO = INCLUDE_SOURCE;
				MTL_FAST_MATH = YES;
				ONLY_ACTIVE_ARCH = YES;
				SDKROOT = iphoneos;
				SWIFT_ACTIVE_COMPILATION_CONDITIONS = DEBUG;
				SWIFT_OPTIMIZATION_LEVEL = "-Onone";
			};
			name = Debug;
		};
		CE3DCF3228519B2000E048A3 /* Release */ = {
			isa = XCBuildConfiguration;
			buildSettings = {
				ALWAYS_SEARCH_USER_PATHS = NO;
				CLANG_ANALYZER_NONNULL = YES;
				CLANG_ANALYZER_NUMBER_OBJECT_CONVERSION = YES_AGGRESSIVE;
				CLANG_CXX_LANGUAGE_STANDARD = "gnu++17";
				CLANG_ENABLE_MODULES = YES;
				CLANG_ENABLE_OBJC_ARC = YES;
				CLANG_ENABLE_OBJC_WEAK = YES;
				CLANG_WARN_BLOCK_CAPTURE_AUTORELEASING = YES;
				CLANG_WARN_BOOL_CONVERSION = YES;
				CLANG_WARN_COMMA = YES;
				CLANG_WARN_CONSTANT_CONVERSION = YES;
				CLANG_WARN_DEPRECATED_OBJC_IMPLEMENTATIONS = YES;
				CLANG_WARN_DIRECT_OBJC_ISA_USAGE = YES_ERROR;
				CLANG_WARN_DOCUMENTATION_COMMENTS = YES;
				CLANG_WARN_EMPTY_BODY = YES;
				CLANG_WARN_ENUM_CONVERSION = YES;
				CLANG_WARN_INFINITE_RECURSION = YES;
				CLANG_WARN_INT_CONVERSION = YES;
				CLANG_WARN_NON_LITERAL_NULL_CONVERSION = YES;
				CLANG_WARN_OBJC_IMPLICIT_RETAIN_SELF = YES;
				CLANG_WARN_OBJC_LITERAL_CONVERSION = YES;
				CLANG_WARN_OBJC_ROOT_CLASS = YES_ERROR;
				CLANG_WARN_QUOTED_INCLUDE_IN_FRAMEWORK_HEADER = YES;
				CLANG_WARN_RANGE_LOOP_ANALYSIS = YES;
				CLANG_WARN_STRICT_PROTOTYPES = YES;
				CLANG_WARN_SUSPICIOUS_MOVE = YES;
				CLANG_WARN_UNGUARDED_AVAILABILITY = YES_AGGRESSIVE;
				CLANG_WARN_UNREACHABLE_CODE = YES;
				CLANG_WARN__DUPLICATE_METHOD_MATCH = YES;
				COPY_PHASE_STRIP = NO;
				DEBUG_INFORMATION_FORMAT = "dwarf-with-dsym";
				ENABLE_NS_ASSERTIONS = NO;
				ENABLE_STRICT_OBJC_MSGSEND = YES;
				GCC_C_LANGUAGE_STANDARD = gnu11;
				GCC_NO_COMMON_BLOCKS = YES;
				GCC_WARN_64_TO_32_BIT_CONVERSION = YES;
				GCC_WARN_ABOUT_RETURN_TYPE = YES_ERROR;
				GCC_WARN_UNDECLARED_SELECTOR = YES;
				GCC_WARN_UNINITIALIZED_AUTOS = YES_AGGRESSIVE;
				GCC_WARN_UNUSED_FUNCTION = YES;
				GCC_WARN_UNUSED_VARIABLE = YES;
				IPHONEOS_DEPLOYMENT_TARGET = 15.5;
				MTL_ENABLE_DEBUG_INFO = NO;
				MTL_FAST_MATH = YES;
				SDKROOT = iphoneos;
				SWIFT_COMPILATION_MODE = wholemodule;
				SWIFT_OPTIMIZATION_LEVEL = "-O";
				VALIDATE_PRODUCT = YES;
			};
			name = Release;
		};
		CE3DCF3428519B2000E048A3 /* Debug */ = {
			isa = XCBuildConfiguration;
			buildSettings = {
				ASSETCATALOG_COMPILER_APPICON_NAME = AppIcon;
				ASSETCATALOG_COMPILER_GLOBAL_ACCENT_COLOR_NAME = AccentColor;
				CODE_SIGN_STYLE = Automatic;
				CURRENT_PROJECT_VERSION = 1;
				DEVELOPMENT_ASSET_PATHS = "\"MeetingNMusae/Preview Content\"";
				DEVELOPMENT_TEAM = Y7G824SH3W;
				ENABLE_PREVIEWS = YES;
				GENERATE_INFOPLIST_FILE = YES;
				INFOPLIST_KEY_UIApplicationSceneManifest_Generation = YES;
				INFOPLIST_KEY_UIApplicationSupportsIndirectInputEvents = YES;
				INFOPLIST_KEY_UILaunchScreen_Generation = YES;
				INFOPLIST_KEY_UISupportedInterfaceOrientations_iPad = "UIInterfaceOrientationPortrait UIInterfaceOrientationPortraitUpsideDown";
				INFOPLIST_KEY_UISupportedInterfaceOrientations_iPhone = "UIInterfaceOrientationPortrait UIInterfaceOrientationPortraitUpsideDown";
				INFOPLIST_KEY_UIUserInterfaceStyle = Light;
				LD_RUNPATH_SEARCH_PATHS = (
					"$(inherited)",
					"@executable_path/Frameworks",
				);
				MARKETING_VERSION = 1.0;
				PRODUCT_BUNDLE_IDENTIFIER = com.jogeunjogeun.MeetingNMusae;
				PRODUCT_NAME = "$(TARGET_NAME)";
				SWIFT_EMIT_LOC_STRINGS = YES;
				SWIFT_VERSION = 5.0;
				TARGETED_DEVICE_FAMILY = "1,2";
			};
			name = Debug;
		};
		CE3DCF3528519B2000E048A3 /* Release */ = {
			isa = XCBuildConfiguration;
			buildSettings = {
				ASSETCATALOG_COMPILER_APPICON_NAME = AppIcon;
				ASSETCATALOG_COMPILER_GLOBAL_ACCENT_COLOR_NAME = AccentColor;
				CODE_SIGN_IDENTITY = "Apple Development";
				CODE_SIGN_STYLE = Automatic;
				CURRENT_PROJECT_VERSION = 1;
				DEVELOPMENT_ASSET_PATHS = "\"MeetingNMusae/Preview Content\"";
				DEVELOPMENT_TEAM = Y7G824SH3W;
				ENABLE_PREVIEWS = YES;
				GENERATE_INFOPLIST_FILE = YES;
				INFOPLIST_KEY_UIApplicationSceneManifest_Generation = YES;
				INFOPLIST_KEY_UIApplicationSupportsIndirectInputEvents = YES;
				INFOPLIST_KEY_UILaunchScreen_Generation = YES;
				INFOPLIST_KEY_UISupportedInterfaceOrientations_iPad = "UIInterfaceOrientationPortrait UIInterfaceOrientationPortraitUpsideDown";
				INFOPLIST_KEY_UISupportedInterfaceOrientations_iPhone = "UIInterfaceOrientationPortrait UIInterfaceOrientationPortraitUpsideDown";
				INFOPLIST_KEY_UIUserInterfaceStyle = Light;
				LD_RUNPATH_SEARCH_PATHS = (
					"$(inherited)",
					"@executable_path/Frameworks",
				);
				MARKETING_VERSION = 1.0;
				PRODUCT_BUNDLE_IDENTIFIER = com.jogeunjogeun.MeetingNMusae;
				PRODUCT_NAME = "$(TARGET_NAME)";
				PROVISIONING_PROFILE_SPECIFIER = "";
				SWIFT_EMIT_LOC_STRINGS = YES;
				SWIFT_VERSION = 5.0;
				TARGETED_DEVICE_FAMILY = "1,2";
			};
			name = Release;
		};
/* End XCBuildConfiguration section */

/* Begin XCConfigurationList section */
		CE3DCF2028519B1F00E048A3 /* Build configuration list for PBXProject "MeetingNMusae" */ = {
			isa = XCConfigurationList;
			buildConfigurations = (
				CE3DCF3128519B2000E048A3 /* Debug */,
				CE3DCF3228519B2000E048A3 /* Release */,
			);
			defaultConfigurationIsVisible = 0;
			defaultConfigurationName = Release;
		};
		CE3DCF3328519B2000E048A3 /* Build configuration list for PBXNativeTarget "MeetingNMusae" */ = {
			isa = XCConfigurationList;
			buildConfigurations = (
				CE3DCF3428519B2000E048A3 /* Debug */,
				CE3DCF3528519B2000E048A3 /* Release */,
			);
			defaultConfigurationIsVisible = 0;
			defaultConfigurationName = Release;
		};
/* End XCConfigurationList section */

/* Begin XCRemoteSwiftPackageReference section */
		B5B1B53C28543178000DE126 /* XCRemoteSwiftPackageReference "firebase-ios-sdk" */ = {
			isa = XCRemoteSwiftPackageReference;
			repositoryURL = "https://github.com/firebase/firebase-ios-sdk";
			requirement = {
				kind = upToNextMajorVersion;
				minimumVersion = 9.0.0;
			};
		};
		CE7B51CA28519BC2004BCA89 /* XCRemoteSwiftPackageReference "firebase-ios-sdk" */ = {
			isa = XCRemoteSwiftPackageReference;
			repositoryURL = "https://github.com/firebase/firebase-ios-sdk";
			requirement = {
				kind = upToNextMajorVersion;
				minimumVersion = 9.0.0;
			};
		};
/* End XCRemoteSwiftPackageReference section */

/* Begin XCSwiftPackageProductDependency section */
		B5B1B53D28543178000DE126 /* FirebaseAnalytics */ = {
			isa = XCSwiftPackageProductDependency;
			package = B5B1B53C28543178000DE126 /* XCRemoteSwiftPackageReference "firebase-ios-sdk" */;
			productName = FirebaseAnalytics;
		};
		B5B1B53F28543178000DE126 /* FirebaseFirestore */ = {
			isa = XCSwiftPackageProductDependency;
			package = B5B1B53C28543178000DE126 /* XCRemoteSwiftPackageReference "firebase-ios-sdk" */;
			productName = FirebaseFirestore;
		};
		B5B1B54128543178000DE126 /* FirebaseFirestoreSwift */ = {
			isa = XCSwiftPackageProductDependency;
			package = B5B1B53C28543178000DE126 /* XCRemoteSwiftPackageReference "firebase-ios-sdk" */;
			productName = FirebaseFirestoreSwift;
		};
/* End XCSwiftPackageProductDependency section */
	};
	rootObject = CE3DCF1D28519B1F00E048A3 /* Project object */;
}
