// !$*UTF8*$!
{
	archiveVersion = 1;
	classes = {
	};
	objectVersion = 55;
	objects = {

/* Begin PBXBuildFile section */
		45DF5FDE28581F4A007DE145 /* LottieView.swift in Sources */ = {isa = PBXBuildFile; fileRef = 45DF5FDD28581F4A007DE145 /* LottieView.swift */; };
		45DF5FE028582004007DE145 /* BestPlayerShowingView.swift in Sources */ = {isa = PBXBuildFile; fileRef = 45DF5FDF28582004007DE145 /* BestPlayerShowingView.swift */; };
		45DF5FE5285821E3007DE145 /* Lottie in Frameworks */ = {isa = PBXBuildFile; productRef = 45DF5FE4285821E3007DE145 /* Lottie */; };
		9029184F28572B70002D8D90 /* Home.swift in Sources */ = {isa = PBXBuildFile; fileRef = 9029184E28572B70002D8D90 /* Home.swift */; };
		9029185128572BDC002D8D90 /* RoomFindingView.swift in Sources */ = {isa = PBXBuildFile; fileRef = 9029185028572BDC002D8D90 /* RoomFindingView.swift */; };
		9029185328572BF1002D8D90 /* NicknameSettingView.swift in Sources */ = {isa = PBXBuildFile; fileRef = 9029185228572BF1002D8D90 /* NicknameSettingView.swift */; };
		9029185528572F36002D8D90 /* CircleButton.swift in Sources */ = {isa = PBXBuildFile; fileRef = 9029185428572F36002D8D90 /* CircleButton.swift */; };
		9029185728573819002D8D90 /* TextInputBox.swift in Sources */ = {isa = PBXBuildFile; fileRef = 9029185628573819002D8D90 /* TextInputBox.swift */; };
		9029185928573BA5002D8D90 /* SelectBox.swift in Sources */ = {isa = PBXBuildFile; fileRef = 9029185828573BA5002D8D90 /* SelectBox.swift */; };
		90988FA128549568000711BE /* CharacterBox.swift in Sources */ = {isa = PBXBuildFile; fileRef = 90988FA028549568000711BE /* CharacterBox.swift */; };
		90A8C4DC2856042C0086ADE0 /* ColorExtension.swift in Sources */ = {isa = PBXBuildFile; fileRef = 90A8C4DB2856042C0086ADE0 /* ColorExtension.swift */; };
		90DF2CF7285B99F9007D4542 /* ReviewShowingView.swift in Sources */ = {isa = PBXBuildFile; fileRef = 90DF2CF6285B99F9007D4542 /* ReviewShowingView.swift */; };
		90DF2CF9285BA032007D4542 /* NameBox.swift in Sources */ = {isa = PBXBuildFile; fileRef = 90DF2CF8285BA032007D4542 /* NameBox.swift */; };
		90DF2CFB285BA472007D4542 /* TitleBox.swift in Sources */ = {isa = PBXBuildFile; fileRef = 90DF2CFA285BA472007D4542 /* TitleBox.swift */; };
		90DF2CFD285C106D007D4542 /* ReviewBox.swift in Sources */ = {isa = PBXBuildFile; fileRef = 90DF2CFC285C106D007D4542 /* ReviewBox.swift */; };
		90DF2CFF285C1A61007D4542 /* SwitchView.swift in Sources */ = {isa = PBXBuildFile; fileRef = 90DF2CFE285C1A61007D4542 /* SwitchView.swift */; };
		B57BB9D32854BEED007AFFAA /* User.swift in Sources */ = {isa = PBXBuildFile; fileRef = B57BB9D22854BEED007AFFAA /* User.swift */; };
		B5B1B53E28543178000DE126 /* FirebaseAnalytics in Frameworks */ = {isa = PBXBuildFile; productRef = B5B1B53D28543178000DE126 /* FirebaseAnalytics */; };
		B5B1B54028543178000DE126 /* FirebaseFirestore in Frameworks */ = {isa = PBXBuildFile; productRef = B5B1B53F28543178000DE126 /* FirebaseFirestore */; };
		B5B1B54228543178000DE126 /* FirebaseFirestoreSwift in Frameworks */ = {isa = PBXBuildFile; productRef = B5B1B54128543178000DE126 /* FirebaseFirestoreSwift */; };
		B5B1B54428545EFE000DE126 /* Line.swift in Sources */ = {isa = PBXBuildFile; fileRef = B5B1B54328545EFE000DE126 /* Line.swift */; };
		B5B1B54D28547DC7000DE126 /* Role.swift in Sources */ = {isa = PBXBuildFile; fileRef = B5B1B54828547DC6000DE126 /* Role.swift */; };
		B5B1B55328547DD7000DE126 /* UserViewModel.swift in Sources */ = {isa = PBXBuildFile; fileRef = B5B1B55028547DD7000DE126 /* UserViewModel.swift */; };
		B5FC08402851E3BB00EDC014 /* PlayerListView.swift in Sources */ = {isa = PBXBuildFile; fileRef = B5FC083F2851E3BB00EDC014 /* PlayerListView.swift */; };
		B5FC08432851E49900EDC014 /* UIScreen+Extensions.swift in Sources */ = {isa = PBXBuildFile; fileRef = B5FC08422851E49900EDC014 /* UIScreen+Extensions.swift */; };
		C5320298285A151200A54E68 /* MissionCardView.swift in Sources */ = {isa = PBXBuildFile; fileRef = C5320297285A151200A54E68 /* MissionCardView.swift */; };
		C58B4E272858EEF000F388B8 /* MissionViewModel.swift in Sources */ = {isa = PBXBuildFile; fileRef = C58B4E262858EEF000F388B8 /* MissionViewModel.swift */; };
		C5DBBC8B2851DC7C00124A07 /* .swiftlint.yml in Resources */ = {isa = PBXBuildFile; fileRef = C5DBBC8A2851DC7C00124A07 /* .swiftlint.yml */; };
		C5E93F0528581927001C1DB9 /* MissionView.swift in Sources */ = {isa = PBXBuildFile; fileRef = C5E93F0328581927001C1DB9 /* MissionView.swift */; };
		C5E93F0628581927001C1DB9 /* MissionProgressCircleView.swift in Sources */ = {isa = PBXBuildFile; fileRef = C5E93F0428581927001C1DB9 /* MissionProgressCircleView.swift */; };
		CE3DCF2928519B1F00E048A3 /* MeetingNMusaeApp.swift in Sources */ = {isa = PBXBuildFile; fileRef = CE3DCF2828519B1F00E048A3 /* MeetingNMusaeApp.swift */; };
		CE3DCF2B28519B1F00E048A3 /* ContentView.swift in Sources */ = {isa = PBXBuildFile; fileRef = CE3DCF2A28519B1F00E048A3 /* ContentView.swift */; };
		CE3DCF2D28519B2000E048A3 /* Assets.xcassets in Resources */ = {isa = PBXBuildFile; fileRef = CE3DCF2C28519B2000E048A3 /* Assets.xcassets */; };
		CE3DCF3028519B2000E048A3 /* Preview Assets.xcassets in Resources */ = {isa = PBXBuildFile; fileRef = CE3DCF2F28519B2000E048A3 /* Preview Assets.xcassets */; };
		CE3DCF3728519B7700E048A3 /* GoogleService-Info.plist in Resources */ = {isa = PBXBuildFile; fileRef = CE3DCF3628519B7700E048A3 /* GoogleService-Info.plist */; };
		CE5B2B1B289AA87800E580F5 /* ReviewWritingView.swift in Sources */ = {isa = PBXBuildFile; fileRef = CE5B2B1A289AA87800E580F5 /* ReviewWritingView.swift */; };
		CE5B2B1F289AB0E400E580F5 /* Date+Reviewee.swift in Sources */ = {isa = PBXBuildFile; fileRef = CE5B2B1E289AB0E400E580F5 /* Date+Reviewee.swift */; };
		CE6491DC285F3BC500718CCF /* confetti.json in Resources */ = {isa = PBXBuildFile; fileRef = CE6491DB285F3BC500718CCF /* confetti.json */; };
		CEC7BE452856DE9C0072ACB0 /* HomeView.swift in Sources */ = {isa = PBXBuildFile; fileRef = CEC7BE442856DE9C0072ACB0 /* HomeView.swift */; };
		CEC7BE492856DEAF0072ACB0 /* MeetingRoom.swift in Sources */ = {isa = PBXBuildFile; fileRef = CEC7BE462856DEAF0072ACB0 /* MeetingRoom.swift */; };
		CEC7BE4A2856DEAF0072ACB0 /* Review.swift in Sources */ = {isa = PBXBuildFile; fileRef = CEC7BE472856DEAF0072ACB0 /* Review.swift */; };
		CEC7BE4B2856DEAF0072ACB0 /* Mission.swift in Sources */ = {isa = PBXBuildFile; fileRef = CEC7BE482856DEAF0072ACB0 /* Mission.swift */; };
		CEC7BE4D2856DECF0072ACB0 /* MeetingRoomViewModel.swift in Sources */ = {isa = PBXBuildFile; fileRef = CEC7BE4C2856DECF0072ACB0 /* MeetingRoomViewModel.swift */; };
		CEC7BE4F2856DED50072ACB0 /* RoleViewModel.swift in Sources */ = {isa = PBXBuildFile; fileRef = CEC7BE4E2856DED50072ACB0 /* RoleViewModel.swift */; };
		CEC7BE522856DEE60072ACB0 /* RoleDetailView.swift in Sources */ = {isa = PBXBuildFile; fileRef = CEC7BE502856DEE60072ACB0 /* RoleDetailView.swift */; };
		CEC7BE532856DEE60072ACB0 /* RoleSelectView.swift in Sources */ = {isa = PBXBuildFile; fileRef = CEC7BE512856DEE60072ACB0 /* RoleSelectView.swift */; };
		CED51658285F5B9D00EA16FF /* BestPlayerSelectView.swift in Sources */ = {isa = PBXBuildFile; fileRef = CED51657285F5B9D00EA16FF /* BestPlayerSelectView.swift */; };
		CED5165C285F965E00EA16FF /* ReviewViewModel.swift in Sources */ = {isa = PBXBuildFile; fileRef = CED5165B285F965E00EA16FF /* ReviewViewModel.swift */; };
		CED5165E285FAB0C00EA16FF /* MeetingEndingView.swift in Sources */ = {isa = PBXBuildFile; fileRef = CED5165D285FAB0C00EA16FF /* MeetingEndingView.swift */; };
/* End PBXBuildFile section */

/* Begin PBXFileReference section */
		45DF5FDD28581F4A007DE145 /* LottieView.swift */ = {isa = PBXFileReference; lastKnownFileType = sourcecode.swift; path = LottieView.swift; sourceTree = "<group>"; };
		45DF5FDF28582004007DE145 /* BestPlayerShowingView.swift */ = {isa = PBXFileReference; lastKnownFileType = sourcecode.swift; path = BestPlayerShowingView.swift; sourceTree = "<group>"; };
		9029184E28572B70002D8D90 /* Home.swift */ = {isa = PBXFileReference; lastKnownFileType = sourcecode.swift; path = Home.swift; sourceTree = "<group>"; };
		9029185028572BDC002D8D90 /* RoomFindingView.swift */ = {isa = PBXFileReference; lastKnownFileType = sourcecode.swift; path = RoomFindingView.swift; sourceTree = "<group>"; };
		9029185228572BF1002D8D90 /* NicknameSettingView.swift */ = {isa = PBXFileReference; lastKnownFileType = sourcecode.swift; path = NicknameSettingView.swift; sourceTree = "<group>"; };
		9029185428572F36002D8D90 /* CircleButton.swift */ = {isa = PBXFileReference; lastKnownFileType = sourcecode.swift; path = CircleButton.swift; sourceTree = "<group>"; };
		9029185628573819002D8D90 /* TextInputBox.swift */ = {isa = PBXFileReference; lastKnownFileType = sourcecode.swift; path = TextInputBox.swift; sourceTree = "<group>"; };
		9029185828573BA5002D8D90 /* SelectBox.swift */ = {isa = PBXFileReference; lastKnownFileType = sourcecode.swift; path = SelectBox.swift; sourceTree = "<group>"; };
		90988FA028549568000711BE /* CharacterBox.swift */ = {isa = PBXFileReference; lastKnownFileType = sourcecode.swift; path = CharacterBox.swift; sourceTree = "<group>"; };
		90A8C4DB2856042C0086ADE0 /* ColorExtension.swift */ = {isa = PBXFileReference; lastKnownFileType = sourcecode.swift; path = ColorExtension.swift; sourceTree = "<group>"; };
		90DF2CF6285B99F9007D4542 /* ReviewShowingView.swift */ = {isa = PBXFileReference; lastKnownFileType = sourcecode.swift; path = ReviewShowingView.swift; sourceTree = "<group>"; };
		90DF2CF8285BA032007D4542 /* NameBox.swift */ = {isa = PBXFileReference; lastKnownFileType = sourcecode.swift; path = NameBox.swift; sourceTree = "<group>"; };
		90DF2CFA285BA472007D4542 /* TitleBox.swift */ = {isa = PBXFileReference; lastKnownFileType = sourcecode.swift; path = TitleBox.swift; sourceTree = "<group>"; };
		90DF2CFC285C106D007D4542 /* ReviewBox.swift */ = {isa = PBXFileReference; lastKnownFileType = sourcecode.swift; path = ReviewBox.swift; sourceTree = "<group>"; };
		90DF2CFE285C1A61007D4542 /* SwitchView.swift */ = {isa = PBXFileReference; fileEncoding = 4; lastKnownFileType = sourcecode.swift; path = SwitchView.swift; sourceTree = "<group>"; };
		B57BB9D22854BEED007AFFAA /* User.swift */ = {isa = PBXFileReference; lastKnownFileType = sourcecode.swift; path = User.swift; sourceTree = "<group>"; };
		B5B1B54328545EFE000DE126 /* Line.swift */ = {isa = PBXFileReference; lastKnownFileType = sourcecode.swift; path = Line.swift; sourceTree = "<group>"; };
		B5B1B54828547DC6000DE126 /* Role.swift */ = {isa = PBXFileReference; fileEncoding = 4; lastKnownFileType = sourcecode.swift; path = Role.swift; sourceTree = "<group>"; };
		B5B1B55028547DD7000DE126 /* UserViewModel.swift */ = {isa = PBXFileReference; fileEncoding = 4; lastKnownFileType = sourcecode.swift; path = UserViewModel.swift; sourceTree = "<group>"; };
		B5FC083F2851E3BB00EDC014 /* PlayerListView.swift */ = {isa = PBXFileReference; lastKnownFileType = sourcecode.swift; path = PlayerListView.swift; sourceTree = "<group>"; };
		B5FC08422851E49900EDC014 /* UIScreen+Extensions.swift */ = {isa = PBXFileReference; lastKnownFileType = sourcecode.swift; path = "UIScreen+Extensions.swift"; sourceTree = "<group>"; };
		C5320297285A151200A54E68 /* MissionCardView.swift */ = {isa = PBXFileReference; lastKnownFileType = sourcecode.swift; path = MissionCardView.swift; sourceTree = "<group>"; };
		C58B4E262858EEF000F388B8 /* MissionViewModel.swift */ = {isa = PBXFileReference; lastKnownFileType = sourcecode.swift; path = MissionViewModel.swift; sourceTree = "<group>"; };
		C5DBBC8A2851DC7C00124A07 /* .swiftlint.yml */ = {isa = PBXFileReference; lastKnownFileType = text.yaml; path = .swiftlint.yml; sourceTree = "<group>"; };
		C5E93F0328581927001C1DB9 /* MissionView.swift */ = {isa = PBXFileReference; fileEncoding = 4; lastKnownFileType = sourcecode.swift; path = MissionView.swift; sourceTree = "<group>"; };
		C5E93F0428581927001C1DB9 /* MissionProgressCircleView.swift */ = {isa = PBXFileReference; fileEncoding = 4; lastKnownFileType = sourcecode.swift; path = MissionProgressCircleView.swift; sourceTree = "<group>"; };
		CE3DCF2828519B1F00E048A3 /* MeetingNMusaeApp.swift */ = {isa = PBXFileReference; lastKnownFileType = sourcecode.swift; path = MeetingNMusaeApp.swift; sourceTree = "<group>"; };
		CE3DCF2A28519B1F00E048A3 /* ContentView.swift */ = {isa = PBXFileReference; lastKnownFileType = sourcecode.swift; path = ContentView.swift; sourceTree = "<group>"; };
		CE3DCF2C28519B2000E048A3 /* Assets.xcassets */ = {isa = PBXFileReference; lastKnownFileType = folder.assetcatalog; path = Assets.xcassets; sourceTree = "<group>"; };
		CE3DCF2F28519B2000E048A3 /* Preview Assets.xcassets */ = {isa = PBXFileReference; lastKnownFileType = folder.assetcatalog; path = "Preview Assets.xcassets"; sourceTree = "<group>"; };
		CE3DCF3628519B7700E048A3 /* GoogleService-Info.plist */ = {isa = PBXFileReference; fileEncoding = 4; lastKnownFileType = text.plist.xml; path = "GoogleService-Info.plist"; sourceTree = "<group>"; };
		CE5B2B1A289AA87800E580F5 /* ReviewWritingView.swift */ = {isa = PBXFileReference; lastKnownFileType = sourcecode.swift; path = ReviewWritingView.swift; sourceTree = "<group>"; };
		CE5B2B1E289AB0E400E580F5 /* Date+Reviewee.swift */ = {isa = PBXFileReference; lastKnownFileType = sourcecode.swift; path = "Date+Reviewee.swift"; sourceTree = "<group>"; };
		CE6491DB285F3BC500718CCF /* confetti.json */ = {isa = PBXFileReference; fileEncoding = 4; lastKnownFileType = text.json; path = confetti.json; sourceTree = "<group>"; };
		CEC7BE412856DE460072ACB0 /* MeetingNMusae.app */ = {isa = PBXFileReference; explicitFileType = wrapper.application; includeInIndex = 0; path = MeetingNMusae.app; sourceTree = BUILT_PRODUCTS_DIR; };
		CEC7BE442856DE9C0072ACB0 /* HomeView.swift */ = {isa = PBXFileReference; fileEncoding = 4; lastKnownFileType = sourcecode.swift; path = HomeView.swift; sourceTree = "<group>"; };
		CEC7BE462856DEAF0072ACB0 /* MeetingRoom.swift */ = {isa = PBXFileReference; fileEncoding = 4; lastKnownFileType = sourcecode.swift; path = MeetingRoom.swift; sourceTree = "<group>"; };
		CEC7BE472856DEAF0072ACB0 /* Review.swift */ = {isa = PBXFileReference; fileEncoding = 4; lastKnownFileType = sourcecode.swift; path = Review.swift; sourceTree = "<group>"; };
		CEC7BE482856DEAF0072ACB0 /* Mission.swift */ = {isa = PBXFileReference; fileEncoding = 4; lastKnownFileType = sourcecode.swift; path = Mission.swift; sourceTree = "<group>"; };
		CEC7BE4C2856DECF0072ACB0 /* MeetingRoomViewModel.swift */ = {isa = PBXFileReference; fileEncoding = 4; lastKnownFileType = sourcecode.swift; path = MeetingRoomViewModel.swift; sourceTree = "<group>"; };
		CEC7BE4E2856DED50072ACB0 /* RoleViewModel.swift */ = {isa = PBXFileReference; fileEncoding = 4; lastKnownFileType = sourcecode.swift; path = RoleViewModel.swift; sourceTree = "<group>"; };
		CEC7BE502856DEE60072ACB0 /* RoleDetailView.swift */ = {isa = PBXFileReference; fileEncoding = 4; lastKnownFileType = sourcecode.swift; path = RoleDetailView.swift; sourceTree = "<group>"; };
		CEC7BE512856DEE60072ACB0 /* RoleSelectView.swift */ = {isa = PBXFileReference; fileEncoding = 4; lastKnownFileType = sourcecode.swift; path = RoleSelectView.swift; sourceTree = "<group>"; };
		CED51657285F5B9D00EA16FF /* BestPlayerSelectView.swift */ = {isa = PBXFileReference; fileEncoding = 4; lastKnownFileType = sourcecode.swift; path = BestPlayerSelectView.swift; sourceTree = "<group>"; };
		CED5165B285F965E00EA16FF /* ReviewViewModel.swift */ = {isa = PBXFileReference; lastKnownFileType = sourcecode.swift; path = ReviewViewModel.swift; sourceTree = "<group>"; };
		CED5165D285FAB0C00EA16FF /* MeetingEndingView.swift */ = {isa = PBXFileReference; lastKnownFileType = sourcecode.swift; path = MeetingEndingView.swift; sourceTree = "<group>"; };
/* End PBXFileReference section */

/* Begin PBXFrameworksBuildPhase section */
		CE3DCF2228519B1F00E048A3 /* Frameworks */ = {
			isa = PBXFrameworksBuildPhase;
			buildActionMask = 2147483647;
			files = (
				B5B1B53E28543178000DE126 /* FirebaseAnalytics in Frameworks */,
				B5B1B54028543178000DE126 /* FirebaseFirestore in Frameworks */,
				B5B1B54228543178000DE126 /* FirebaseFirestoreSwift in Frameworks */,
				45DF5FE5285821E3007DE145 /* Lottie in Frameworks */,
			);
			runOnlyForDeploymentPostprocessing = 0;
		};
/* End PBXFrameworksBuildPhase section */

/* Begin PBXGroup section */
		B59CAC122855E2BE00C0FC98 /* Components */ = {
			isa = PBXGroup;
			children = (
				9029185628573819002D8D90 /* TextInputBox.swift */,
				B5B1B54328545EFE000DE126 /* Line.swift */,
				9029185428572F36002D8D90 /* CircleButton.swift */,
				90988FA028549568000711BE /* CharacterBox.swift */,
				9029185828573BA5002D8D90 /* SelectBox.swift */,
				90DF2CF8285BA032007D4542 /* NameBox.swift */,
				90DF2CFA285BA472007D4542 /* TitleBox.swift */,
				90DF2CFC285C106D007D4542 /* ReviewBox.swift */,
			);
			path = Components;
			sourceTree = "<group>";
		};
		B5FC08412851E46100EDC014 /* Extensions */ = {
			isa = PBXGroup;
			children = (
				B5FC08422851E49900EDC014 /* UIScreen+Extensions.swift */,
				90A8C4DB2856042C0086ADE0 /* ColorExtension.swift */,
				CE5B2B1E289AB0E400E580F5 /* Date+Reviewee.swift */,
			);
			path = Extensions;
			sourceTree = "<group>";
		};
		CE3DCF1C28519B1F00E048A3 = {
			isa = PBXGroup;
			children = (
				CE3DCF2728519B1F00E048A3 /* MeetingNMusae */,
				CEC7BE412856DE460072ACB0 /* MeetingNMusae.app */,
			);
			sourceTree = "<group>";
		};
		CE3DCF2728519B1F00E048A3 /* MeetingNMusae */ = {
			isa = PBXGroup;
			children = (
				CE6491DB285F3BC500718CCF /* confetti.json */,
				CEC7BE432856DE900072ACB0 /* Temp */,
				B59CAC122855E2BE00C0FC98 /* Components */,
				B5FC08412851E46100EDC014 /* Extensions */,
				CE76059B2851BD6D00D647EE /* Models */,
				CE76059A2851BD6600D647EE /* ViewModels */,
				CE7605992851BD5400D647EE /* Views */,
				CE3DCF3628519B7700E048A3 /* GoogleService-Info.plist */,
				CE3DCF2828519B1F00E048A3 /* MeetingNMusaeApp.swift */,
				CE3DCF2C28519B2000E048A3 /* Assets.xcassets */,
				CE3DCF2E28519B2000E048A3 /* Preview Content */,
				C5DBBC8A2851DC7C00124A07 /* .swiftlint.yml */,
			);
			path = MeetingNMusae;
			sourceTree = "<group>";
		};
		CE3DCF2E28519B2000E048A3 /* Preview Content */ = {
			isa = PBXGroup;
			children = (
				CE3DCF2F28519B2000E048A3 /* Preview Assets.xcassets */,
			);
			path = "Preview Content";
			sourceTree = "<group>";
		};
		CE7605992851BD5400D647EE /* Views */ = {
			isa = PBXGroup;
			children = (
				C5E93F0428581927001C1DB9 /* MissionProgressCircleView.swift */,
				C5E93F0328581927001C1DB9 /* MissionView.swift */,
				CED51657285F5B9D00EA16FF /* BestPlayerSelectView.swift */,
				90DF2CFE285C1A61007D4542 /* SwitchView.swift */,
				CEC7BE502856DEE60072ACB0 /* RoleDetailView.swift */,
				90DF2CF6285B99F9007D4542 /* ReviewShowingView.swift */,
				CEC7BE512856DEE60072ACB0 /* RoleSelectView.swift */,
				CE3DCF2A28519B1F00E048A3 /* ContentView.swift */,
				B5FC083F2851E3BB00EDC014 /* PlayerListView.swift */,
				C5320297285A151200A54E68 /* MissionCardView.swift */,
				45DF5FDD28581F4A007DE145 /* LottieView.swift */,
				45DF5FDF28582004007DE145 /* BestPlayerShowingView.swift */,
				9029184E28572B70002D8D90 /* Home.swift */,
				9029185228572BF1002D8D90 /* NicknameSettingView.swift */,
				9029185028572BDC002D8D90 /* RoomFindingView.swift */,
				CED5165D285FAB0C00EA16FF /* MeetingEndingView.swift */,
				CE5B2B1A289AA87800E580F5 /* ReviewWritingView.swift */,
			);
			path = Views;
			sourceTree = "<group>";
		};
		CE76059A2851BD6600D647EE /* ViewModels */ = {
			isa = PBXGroup;
			children = (
				CEC7BE4E2856DED50072ACB0 /* RoleViewModel.swift */,
				CEC7BE4C2856DECF0072ACB0 /* MeetingRoomViewModel.swift */,
				B5B1B55028547DD7000DE126 /* UserViewModel.swift */,
				C58B4E262858EEF000F388B8 /* MissionViewModel.swift */,
				CED5165B285F965E00EA16FF /* ReviewViewModel.swift */,
			);
			path = ViewModels;
			sourceTree = "<group>";
		};
		CE76059B2851BD6D00D647EE /* Models */ = {
			isa = PBXGroup;
			children = (
				CEC7BE462856DEAF0072ACB0 /* MeetingRoom.swift */,
				CEC7BE482856DEAF0072ACB0 /* Mission.swift */,
				CEC7BE472856DEAF0072ACB0 /* Review.swift */,
				B5B1B54828547DC6000DE126 /* Role.swift */,
				B57BB9D22854BEED007AFFAA /* User.swift */,
			);
			path = Models;
			sourceTree = "<group>";
		};
		CEC7BE432856DE900072ACB0 /* Temp */ = {
			isa = PBXGroup;
			children = (
				CEC7BE442856DE9C0072ACB0 /* HomeView.swift */,
			);
			path = Temp;
			sourceTree = "<group>";
		};
/* End PBXGroup section */

/* Begin PBXNativeTarget section */
		CE3DCF2428519B1F00E048A3 /* MeetingNMusae */ = {
			isa = PBXNativeTarget;
			buildConfigurationList = CE3DCF3328519B2000E048A3 /* Build configuration list for PBXNativeTarget "MeetingNMusae" */;
			buildPhases = (
				C5DBBC872851DAB600124A07 /* Run SwiftLint */,
				CE3DCF2128519B1F00E048A3 /* Sources */,
				CE3DCF2228519B1F00E048A3 /* Frameworks */,
				CE3DCF2328519B1F00E048A3 /* Resources */,
			);
			buildRules = (
			);
			dependencies = (
			);
			name = MeetingNMusae;
			packageProductDependencies = (
				B5B1B53D28543178000DE126 /* FirebaseAnalytics */,
				B5B1B53F28543178000DE126 /* FirebaseFirestore */,
				B5B1B54128543178000DE126 /* FirebaseFirestoreSwift */,
				45DF5FE4285821E3007DE145 /* Lottie */,
			);
			productName = MeetingNMusae;
			productReference = CEC7BE412856DE460072ACB0 /* MeetingNMusae.app */;
			productType = "com.apple.product-type.application";
		};
/* End PBXNativeTarget section */

/* Begin PBXProject section */
		CE3DCF1D28519B1F00E048A3 /* Project object */ = {
			isa = PBXProject;
			attributes = {
				BuildIndependentTargetsInParallel = 1;
				LastSwiftUpdateCheck = 1340;
				LastUpgradeCheck = 1340;
				TargetAttributes = {
					CE3DCF2428519B1F00E048A3 = {
						CreatedOnToolsVersion = 13.4.1;
					};
				};
			};
			buildConfigurationList = CE3DCF2028519B1F00E048A3 /* Build configuration list for PBXProject "MeetingNMusae" */;
			compatibilityVersion = "Xcode 13.0";
			developmentRegion = en;
			hasScannedForEncodings = 0;
			knownRegions = (
				en,
				Base,
			);
			mainGroup = CE3DCF1C28519B1F00E048A3;
			packageReferences = (
				CE7B51CA28519BC2004BCA89 /* XCRemoteSwiftPackageReference "firebase-ios-sdk" */,
				B5B1B53C28543178000DE126 /* XCRemoteSwiftPackageReference "firebase-ios-sdk" */,
				45DF5FE3285821E3007DE145 /* XCRemoteSwiftPackageReference "lottie-ios" */,
			);
			productRefGroup = CE3DCF1C28519B1F00E048A3;
			projectDirPath = "";
			projectRoot = "";
			targets = (
				CE3DCF2428519B1F00E048A3 /* MeetingNMusae */,
			);
		};
/* End PBXProject section */

/* Begin PBXResourcesBuildPhase section */
		CE3DCF2328519B1F00E048A3 /* Resources */ = {
			isa = PBXResourcesBuildPhase;
			buildActionMask = 2147483647;
			files = (
				CE6491DC285F3BC500718CCF /* confetti.json in Resources */,
				C5DBBC8B2851DC7C00124A07 /* .swiftlint.yml in Resources */,
				CE3DCF3028519B2000E048A3 /* Preview Assets.xcassets in Resources */,
				CE3DCF2D28519B2000E048A3 /* Assets.xcassets in Resources */,
				CE3DCF3728519B7700E048A3 /* GoogleService-Info.plist in Resources */,
			);
			runOnlyForDeploymentPostprocessing = 0;
		};
/* End PBXResourcesBuildPhase section */

/* Begin PBXShellScriptBuildPhase section */
		C5DBBC872851DAB600124A07 /* Run SwiftLint */ = {
			isa = PBXShellScriptBuildPhase;
			buildActionMask = 2147483647;
			files = (
			);
			inputFileListPaths = (
			);
			inputPaths = (
			);
			name = "Run SwiftLint";
			outputFileListPaths = (
			);
			outputPaths = (
			);
			runOnlyForDeploymentPostprocessing = 0;
			shellPath = /bin/sh;
			shellScript = "export PATH=\"$PATH:/opt/homebrew/bin\"\nif which swiftlint > /dev/null; then\n  swiftlint\nelse\n  echo \"warning: SwiftLint not installed, download from https://github.com/realm/SwiftLint\"\nfi\n";
		};
/* End PBXShellScriptBuildPhase section */

/* Begin PBXSourcesBuildPhase section */
		CE3DCF2128519B1F00E048A3 /* Sources */ = {
			isa = PBXSourcesBuildPhase;
			buildActionMask = 2147483647;
			files = (
				B5FC08402851E3BB00EDC014 /* PlayerListView.swift in Sources */,
				45DF5FDE28581F4A007DE145 /* LottieView.swift in Sources */,
				B5B1B54D28547DC7000DE126 /* Role.swift in Sources */,
				CE5B2B1F289AB0E400E580F5 /* Date+Reviewee.swift in Sources */,
				B5FC08432851E49900EDC014 /* UIScreen+Extensions.swift in Sources */,
				90DF2CFF285C1A61007D4542 /* SwitchView.swift in Sources */,
				9029185928573BA5002D8D90 /* SelectBox.swift in Sources */,
				CEC7BE4B2856DEAF0072ACB0 /* Mission.swift in Sources */,
				9029185728573819002D8D90 /* TextInputBox.swift in Sources */,
				B5B1B55328547DD7000DE126 /* UserViewModel.swift in Sources */,
				C5E93F0528581927001C1DB9 /* MissionView.swift in Sources */,
				CE3DCF2B28519B1F00E048A3 /* ContentView.swift in Sources */,
				45DF5FE028582004007DE145 /* BestPlayerShowingView.swift in Sources */,
				CE3DCF2928519B1F00E048A3 /* MeetingNMusaeApp.swift in Sources */,
				CE5B2B1B289AA87800E580F5 /* ReviewWritingView.swift in Sources */,
				9029185328572BF1002D8D90 /* NicknameSettingView.swift in Sources */,
				90A8C4DC2856042C0086ADE0 /* ColorExtension.swift in Sources */,
				CEC7BE522856DEE60072ACB0 /* RoleDetailView.swift in Sources */,
				CED5165E285FAB0C00EA16FF /* MeetingEndingView.swift in Sources */,
				CED51658285F5B9D00EA16FF /* BestPlayerSelectView.swift in Sources */,
				9029184F28572B70002D8D90 /* Home.swift in Sources */,
				CEC7BE492856DEAF0072ACB0 /* MeetingRoom.swift in Sources */,
				9029185128572BDC002D8D90 /* RoomFindingView.swift in Sources */,
				CED5165C285F965E00EA16FF /* ReviewViewModel.swift in Sources */,
				CEC7BE4A2856DEAF0072ACB0 /* Review.swift in Sources */,
				90DF2CF7285B99F9007D4542 /* ReviewShowingView.swift in Sources */,
				90DF2CFD285C106D007D4542 /* ReviewBox.swift in Sources */,
				CEC7BE4D2856DECF0072ACB0 /* MeetingRoomViewModel.swift in Sources */,
				90988FA128549568000711BE /* CharacterBox.swift in Sources */,
				CEC7BE4F2856DED50072ACB0 /* RoleViewModel.swift in Sources */,
				90DF2CF9285BA032007D4542 /* NameBox.swift in Sources */,
				9029185528572F36002D8D90 /* CircleButton.swift in Sources */,
				CEC7BE532856DEE60072ACB0 /* RoleSelectView.swift in Sources */,
				CEC7BE452856DE9C0072ACB0 /* HomeView.swift in Sources */,
				C5320298285A151200A54E68 /* MissionCardView.swift in Sources */,
				B57BB9D32854BEED007AFFAA /* User.swift in Sources */,
				C58B4E272858EEF000F388B8 /* MissionViewModel.swift in Sources */,
				C5E93F0628581927001C1DB9 /* MissionProgressCircleView.swift in Sources */,
				B5B1B54428545EFE000DE126 /* Line.swift in Sources */,
				90DF2CFB285BA472007D4542 /* TitleBox.swift in Sources */,
			);
			runOnlyForDeploymentPostprocessing = 0;
		};
/* End PBXSourcesBuildPhase section */

/* Begin XCBuildConfiguration section */
		CE3DCF3128519B2000E048A3 /* Debug */ = {
			isa = XCBuildConfiguration;
			buildSettings = {
				ALWAYS_SEARCH_USER_PATHS = NO;
				CLANG_ANALYZER_NONNULL = YES;
				CLANG_ANALYZER_NUMBER_OBJECT_CONVERSION = YES_AGGRESSIVE;
				CLANG_CXX_LANGUAGE_STANDARD = "gnu++17";
				CLANG_ENABLE_MODULES = YES;
				CLANG_ENABLE_OBJC_ARC = YES;
				CLANG_ENABLE_OBJC_WEAK = YES;
				CLANG_WARN_BLOCK_CAPTURE_AUTORELEASING = YES;
				CLANG_WARN_BOOL_CONVERSION = YES;
				CLANG_WARN_COMMA = YES;
				CLANG_WARN_CONSTANT_CONVERSION = YES;
				CLANG_WARN_DEPRECATED_OBJC_IMPLEMENTATIONS = YES;
				CLANG_WARN_DIRECT_OBJC_ISA_USAGE = YES_ERROR;
				CLANG_WARN_DOCUMENTATION_COMMENTS = YES;
				CLANG_WARN_EMPTY_BODY = YES;
				CLANG_WARN_ENUM_CONVERSION = YES;
				CLANG_WARN_INFINITE_RECURSION = YES;
				CLANG_WARN_INT_CONVERSION = YES;
				CLANG_WARN_NON_LITERAL_NULL_CONVERSION = YES;
				CLANG_WARN_OBJC_IMPLICIT_RETAIN_SELF = YES;
				CLANG_WARN_OBJC_LITERAL_CONVERSION = YES;
				CLANG_WARN_OBJC_ROOT_CLASS = YES_ERROR;
				CLANG_WARN_QUOTED_INCLUDE_IN_FRAMEWORK_HEADER = YES;
				CLANG_WARN_RANGE_LOOP_ANALYSIS = YES;
				CLANG_WARN_STRICT_PROTOTYPES = YES;
				CLANG_WARN_SUSPICIOUS_MOVE = YES;
				CLANG_WARN_UNGUARDED_AVAILABILITY = YES_AGGRESSIVE;
				CLANG_WARN_UNREACHABLE_CODE = YES;
				CLANG_WARN__DUPLICATE_METHOD_MATCH = YES;
				COPY_PHASE_STRIP = NO;
				DEBUG_INFORMATION_FORMAT = dwarf;
				ENABLE_STRICT_OBJC_MSGSEND = YES;
				ENABLE_TESTABILITY = YES;
				GCC_C_LANGUAGE_STANDARD = gnu11;
				GCC_DYNAMIC_NO_PIC = NO;
				GCC_NO_COMMON_BLOCKS = YES;
				GCC_OPTIMIZATION_LEVEL = 0;
				GCC_PREPROCESSOR_DEFINITIONS = (
					"DEBUG=1",
					"$(inherited)",
				);
				GCC_WARN_64_TO_32_BIT_CONVERSION = YES;
				GCC_WARN_ABOUT_RETURN_TYPE = YES_ERROR;
				GCC_WARN_UNDECLARED_SELECTOR = YES;
				GCC_WARN_UNINITIALIZED_AUTOS = YES_AGGRESSIVE;
				GCC_WARN_UNUSED_FUNCTION = YES;
				GCC_WARN_UNUSED_VARIABLE = YES;
				IPHONEOS_DEPLOYMENT_TARGET = 15.5;
				MTL_ENABLE_DEBUG_INFO = INCLUDE_SOURCE;
				MTL_FAST_MATH = YES;
				ONLY_ACTIVE_ARCH = YES;
				SDKROOT = iphoneos;
				SWIFT_ACTIVE_COMPILATION_CONDITIONS = DEBUG;
				SWIFT_OPTIMIZATION_LEVEL = "-Onone";
			};
			name = Debug;
		};
		CE3DCF3228519B2000E048A3 /* Release */ = {
			isa = XCBuildConfiguration;
			buildSettings = {
				ALWAYS_SEARCH_USER_PATHS = NO;
				CLANG_ANALYZER_NONNULL = YES;
				CLANG_ANALYZER_NUMBER_OBJECT_CONVERSION = YES_AGGRESSIVE;
				CLANG_CXX_LANGUAGE_STANDARD = "gnu++17";
				CLANG_ENABLE_MODULES = YES;
				CLANG_ENABLE_OBJC_ARC = YES;
				CLANG_ENABLE_OBJC_WEAK = YES;
				CLANG_WARN_BLOCK_CAPTURE_AUTORELEASING = YES;
				CLANG_WARN_BOOL_CONVERSION = YES;
				CLANG_WARN_COMMA = YES;
				CLANG_WARN_CONSTANT_CONVERSION = YES;
				CLANG_WARN_DEPRECATED_OBJC_IMPLEMENTATIONS = YES;
				CLANG_WARN_DIRECT_OBJC_ISA_USAGE = YES_ERROR;
				CLANG_WARN_DOCUMENTATION_COMMENTS = YES;
				CLANG_WARN_EMPTY_BODY = YES;
				CLANG_WARN_ENUM_CONVERSION = YES;
				CLANG_WARN_INFINITE_RECURSION = YES;
				CLANG_WARN_INT_CONVERSION = YES;
				CLANG_WARN_NON_LITERAL_NULL_CONVERSION = YES;
				CLANG_WARN_OBJC_IMPLICIT_RETAIN_SELF = YES;
				CLANG_WARN_OBJC_LITERAL_CONVERSION = YES;
				CLANG_WARN_OBJC_ROOT_CLASS = YES_ERROR;
				CLANG_WARN_QUOTED_INCLUDE_IN_FRAMEWORK_HEADER = YES;
				CLANG_WARN_RANGE_LOOP_ANALYSIS = YES;
				CLANG_WARN_STRICT_PROTOTYPES = YES;
				CLANG_WARN_SUSPICIOUS_MOVE = YES;
				CLANG_WARN_UNGUARDED_AVAILABILITY = YES_AGGRESSIVE;
				CLANG_WARN_UNREACHABLE_CODE = YES;
				CLANG_WARN__DUPLICATE_METHOD_MATCH = YES;
				COPY_PHASE_STRIP = NO;
				DEBUG_INFORMATION_FORMAT = "dwarf-with-dsym";
				ENABLE_NS_ASSERTIONS = NO;
				ENABLE_STRICT_OBJC_MSGSEND = YES;
				GCC_C_LANGUAGE_STANDARD = gnu11;
				GCC_NO_COMMON_BLOCKS = YES;
				GCC_WARN_64_TO_32_BIT_CONVERSION = YES;
				GCC_WARN_ABOUT_RETURN_TYPE = YES_ERROR;
				GCC_WARN_UNDECLARED_SELECTOR = YES;
				GCC_WARN_UNINITIALIZED_AUTOS = YES_AGGRESSIVE;
				GCC_WARN_UNUSED_FUNCTION = YES;
				GCC_WARN_UNUSED_VARIABLE = YES;
				IPHONEOS_DEPLOYMENT_TARGET = 15.5;
				MTL_ENABLE_DEBUG_INFO = NO;
				MTL_FAST_MATH = YES;
				SDKROOT = iphoneos;
				SWIFT_COMPILATION_MODE = wholemodule;
				SWIFT_OPTIMIZATION_LEVEL = "-O";
				VALIDATE_PRODUCT = YES;
			};
			name = Release;
		};
		CE3DCF3428519B2000E048A3 /* Debug */ = {
			isa = XCBuildConfiguration;
			buildSettings = {
				ASSETCATALOG_COMPILER_APPICON_NAME = AppIcon;
				ASSETCATALOG_COMPILER_GLOBAL_ACCENT_COLOR_NAME = AccentColor;
				CODE_SIGN_STYLE = Automatic;
				CURRENT_PROJECT_VERSION = 1;
				DEVELOPMENT_ASSET_PATHS = "\"MeetingNMusae/Preview Content\"";
				DEVELOPMENT_TEAM = 744MUUC77P;
				ENABLE_PREVIEWS = YES;
				GENERATE_INFOPLIST_FILE = YES;
				INFOPLIST_KEY_UIApplicationSceneManifest_Generation = YES;
				INFOPLIST_KEY_UIApplicationSupportsIndirectInputEvents = YES;
				INFOPLIST_KEY_UILaunchScreen_Generation = YES;
				INFOPLIST_KEY_UISupportedInterfaceOrientations_iPad = "UIInterfaceOrientationPortrait UIInterfaceOrientationPortraitUpsideDown";
				INFOPLIST_KEY_UISupportedInterfaceOrientations_iPhone = "UIInterfaceOrientationPortrait UIInterfaceOrientationPortraitUpsideDown";
				INFOPLIST_KEY_UIUserInterfaceStyle = Light;
				IPHONEOS_DEPLOYMENT_TARGET = 15.4;
				LD_RUNPATH_SEARCH_PATHS = (
					"$(inherited)",
					"@executable_path/Frameworks",
				);
				MARKETING_VERSION = 1.0;
				PRODUCT_BUNDLE_IDENTIFIER = com.jogeunjogeun.MeetingNMusae;
				PRODUCT_NAME = "$(TARGET_NAME)";
				SWIFT_EMIT_LOC_STRINGS = YES;
				SWIFT_VERSION = 5.0;
				TARGETED_DEVICE_FAMILY = "1,2";
			};
			name = Debug;
		};
		CE3DCF3528519B2000E048A3 /* Release */ = {
			isa = XCBuildConfiguration;
			buildSettings = {
				ASSETCATALOG_COMPILER_APPICON_NAME = AppIcon;
				ASSETCATALOG_COMPILER_GLOBAL_ACCENT_COLOR_NAME = AccentColor;
				CODE_SIGN_IDENTITY = "Apple Development";
				CODE_SIGN_STYLE = Automatic;
				CURRENT_PROJECT_VERSION = 1;
				DEVELOPMENT_ASSET_PATHS = "\"MeetingNMusae/Preview Content\"";
				DEVELOPMENT_TEAM = W97GTPRX7R;
				ENABLE_PREVIEWS = YES;
				GENERATE_INFOPLIST_FILE = YES;
				INFOPLIST_KEY_UIApplicationSceneManifest_Generation = YES;
				INFOPLIST_KEY_UIApplicationSupportsIndirectInputEvents = YES;
				INFOPLIST_KEY_UILaunchScreen_Generation = YES;
				INFOPLIST_KEY_UISupportedInterfaceOrientations_iPad = "UIInterfaceOrientationPortrait UIInterfaceOrientationPortraitUpsideDown";
				INFOPLIST_KEY_UISupportedInterfaceOrientations_iPhone = "UIInterfaceOrientationPortrait UIInterfaceOrientationPortraitUpsideDown";
				INFOPLIST_KEY_UIUserInterfaceStyle = Light;
				IPHONEOS_DEPLOYMENT_TARGET = 15.4;
				LD_RUNPATH_SEARCH_PATHS = (
					"$(inherited)",
					"@executable_path/Frameworks",
				);
				MARKETING_VERSION = 1.0;
				PRODUCT_BUNDLE_IDENTIFIER = com.jogeunjogeun.MeetingNMusae;
				PRODUCT_NAME = "$(TARGET_NAME)";
				PROVISIONING_PROFILE_SPECIFIER = "";
				SWIFT_EMIT_LOC_STRINGS = YES;
				SWIFT_VERSION = 5.0;
				TARGETED_DEVICE_FAMILY = "1,2";
			};
			name = Release;
		};
/* End XCBuildConfiguration section */

/* Begin XCConfigurationList section */
		CE3DCF2028519B1F00E048A3 /* Build configuration list for PBXProject "MeetingNMusae" */ = {
			isa = XCConfigurationList;
			buildConfigurations = (
				CE3DCF3128519B2000E048A3 /* Debug */,
				CE3DCF3228519B2000E048A3 /* Release */,
			);
			defaultConfigurationIsVisible = 0;
			defaultConfigurationName = Release;
		};
		CE3DCF3328519B2000E048A3 /* Build configuration list for PBXNativeTarget "MeetingNMusae" */ = {
			isa = XCConfigurationList;
			buildConfigurations = (
				CE3DCF3428519B2000E048A3 /* Debug */,
				CE3DCF3528519B2000E048A3 /* Release */,
			);
			defaultConfigurationIsVisible = 0;
			defaultConfigurationName = Release;
		};
/* End XCConfigurationList section */

/* Begin XCRemoteSwiftPackageReference section */
		45DF5FE3285821E3007DE145 /* XCRemoteSwiftPackageReference "lottie-ios" */ = {
			isa = XCRemoteSwiftPackageReference;
			repositoryURL = "https://github.com/airbnb/lottie-ios";
			requirement = {
				branch = master;
				kind = branch;
			};
		};
		B5B1B53C28543178000DE126 /* XCRemoteSwiftPackageReference "firebase-ios-sdk" */ = {
			isa = XCRemoteSwiftPackageReference;
			repositoryURL = "https://github.com/firebase/firebase-ios-sdk";
			requirement = {
				kind = upToNextMajorVersion;
				minimumVersion = 9.0.0;
			};
		};
		CE7B51CA28519BC2004BCA89 /* XCRemoteSwiftPackageReference "firebase-ios-sdk" */ = {
			isa = XCRemoteSwiftPackageReference;
			repositoryURL = "https://github.com/firebase/firebase-ios-sdk";
			requirement = {
				kind = upToNextMajorVersion;
				minimumVersion = 9.0.0;
			};
		};
/* End XCRemoteSwiftPackageReference section */

/* Begin XCSwiftPackageProductDependency section */
		45DF5FE4285821E3007DE145 /* Lottie */ = {
			isa = XCSwiftPackageProductDependency;
			package = 45DF5FE3285821E3007DE145 /* XCRemoteSwiftPackageReference "lottie-ios" */;
			productName = Lottie;
		};
		B5B1B53D28543178000DE126 /* FirebaseAnalytics */ = {
			isa = XCSwiftPackageProductDependency;
			package = B5B1B53C28543178000DE126 /* XCRemoteSwiftPackageReference "firebase-ios-sdk" */;
			productName = FirebaseAnalytics;
		};
		B5B1B53F28543178000DE126 /* FirebaseFirestore */ = {
			isa = XCSwiftPackageProductDependency;
			package = B5B1B53C28543178000DE126 /* XCRemoteSwiftPackageReference "firebase-ios-sdk" */;
			productName = FirebaseFirestore;
		};
		B5B1B54128543178000DE126 /* FirebaseFirestoreSwift */ = {
			isa = XCSwiftPackageProductDependency;
			package = B5B1B53C28543178000DE126 /* XCRemoteSwiftPackageReference "firebase-ios-sdk" */;
			productName = FirebaseFirestoreSwift;
		};
/* End XCSwiftPackageProductDependency section */
	};
	rootObject = CE3DCF1D28519B1F00E048A3 /* Project object */;
}
